
Microsoft Visual Studio Solution File, Format Version 12.00
# Visual Studio Version 17
VisualStudioVersion = 17.13.35931.197 d17.13
MinimumVisualStudioVersion = 10.0.40219.1
Project("{FAE04EC0-301F-11D3-BF4B-00C04F79EFBC}") = "Codecept2SeleniumTranspiler", "Codecept2SeleniumTranspiler\Codecept2SeleniumTranspiler.csproj", "{8DC6B960-33A5-417C-9D58-647CA05B7ABE}"
EndProject
Global
	GlobalSection(SolutionConfigurationPlatforms) = preSolution
		Debug|Any CPU = Debug|Any CPU
		Release|Any CPU = Release|Any CPU
	EndGlobalSection
	GlobalSection(ProjectConfigurationPlatforms) = postSolution
		{8DC6B960-33A5-417C-9D58-647CA05B7ABE}.Debug|Any CPU.ActiveCfg = Debug|Any CPU
		{8DC6B960-33A5-417C-9D58-647CA05B7ABE}.Debug|Any CPU.Build.0 = Debug|Any CPU
		{8DC6B960-33A5-417C-9D58-647CA05B7ABE}.Release|Any CPU.ActiveCfg = Release|Any CPU
		{8DC6B960-33A5-417C-9D58-647CA05B7ABE}.Release|Any CPU.Build.0 = Release|Any CPU
	EndGlobalSection
	GlobalSection(SolutionProperties) = preSolution
		HideSolutionNode = FALSE
	EndGlobalSection
	GlobalSection(ExtensibilityGlobals) = postSolution
		SolutionGuid = {79FAAB50-D3CD-4146-AE66-7564479C9429}
	EndGlobalSection
EndGlobal
